
Microsoft Visual Studio Solution File, Format Version 12.00
# Visual Studio Version 17
VisualStudioVersion = 17.7.34031.279
MinimumVisualStudioVersion = 10.0.40219.1
Project("{FAE04EC0-301F-11D3-BF4B-00C04F79EFBC}") = "ByteCloud.Package.Application", "ByteCloud.Package.Application\ByteCloud.Package.Application.csproj", "{E2CEE990-3098-400C-B4A6-C95881DBDF81}"
EndProject
Project("{FAE04EC0-301F-11D3-BF4B-00C04F79EFBC}") = "ByteCloud.Package.Application.Console", "ByteCloud.Package.Application.Console\ByteCloud.Package.Application.Console.csproj", "{59B11CE0-C1DD-4610-A9EF-30737E97DD24}"
EndProject
Global
	GlobalSection(SolutionConfigurationPlatforms) = preSolution
		Debug|Any CPU = Debug|Any CPU
		Release|Any CPU = Release|Any CPU
	EndGlobalSection
	GlobalSection(ProjectConfigurationPlatforms) = postSolution
		{E2CEE990-3098-400C-B4A6-C95881DBDF81}.Debug|Any CPU.ActiveCfg = Debug|Any CPU
		{E2CEE990-3098-400C-B4A6-C95881DBDF81}.Debug|Any CPU.Build.0 = Debug|Any CPU
		{E2CEE990-3098-400C-B4A6-C95881DBDF81}.Release|Any CPU.ActiveCfg = Release|Any CPU
		{E2CEE990-3098-400C-B4A6-C95881DBDF81}.Release|Any CPU.Build.0 = Release|Any CPU
		{59B11CE0-C1DD-4610-A9EF-30737E97DD24}.Debug|Any CPU.ActiveCfg = Debug|Any CPU
		{59B11CE0-C1DD-4610-A9EF-30737E97DD24}.Debug|Any CPU.Build.0 = Debug|Any CPU
		{59B11CE0-C1DD-4610-A9EF-30737E97DD24}.Release|Any CPU.ActiveCfg = Release|Any CPU
		{59B11CE0-C1DD-4610-A9EF-30737E97DD24}.Release|Any CPU.Build.0 = Release|Any CPU
	EndGlobalSection
	GlobalSection(SolutionProperties) = preSolution
		HideSolutionNode = FALSE
	EndGlobalSection
	GlobalSection(ExtensibilityGlobals) = postSolution
		SolutionGuid = {F473EBC9-8C34-4783-B21C-351D8CAE072A}
	EndGlobalSection
EndGlobal
